PODS:
  - Cache (5.3.0)
  - Imaginary (4.3.1):
    - Cache (~> 5.3.0)
  - KMPlaceholderTextView (1.4.0)
  - Lightbox (2.4.2):
    - Imaginary (~> 4.3.1)
  - SwiftKeychainWrapper (3.4.0)

DEPENDENCIES:
  - KMPlaceholderTextView (~> 1.4.0)
  - Lightbox
  - SwiftKeychainWrapper

SPEC REPOS:
  trunk:
    - Cache
    - Imaginary
    - KMPlaceholderTextView
    - Lightbox
    - SwiftKeychainWrapper

SPEC CHECKSUMS:
  Cache: 48762993ec44e1d93483c4d4a13edd18452326f4
  Imaginary: 18c5bba364229eef383b925199db442e71d175e1
  KMPlaceholderTextView: 2206c3df39979e9396e2d96fa9f427a8951121b0
  Lightbox: 8837c35c1150fa0410d94296e369b432d37f18c7
  SwiftKeychainWrapper: 6fc49fbf7d4a6b0772917acb0e53a1639f6078d6

PODFILE CHECKSUM: af309479aba29fc19a29a26e70a64723aff63ef4

COCOAPODS: 1.9.3
